
Microsoft Visual Studio Solution File, Format Version 12.00
# Visual Studio Version 18
VisualStudioVersion = 18.0.11012.119 d18.0
MinimumVisualStudioVersion = 10.0.40219.1
Project("{FAE04EC0-301F-11D3-BF4B-00C04F79EFBC}") = "PeanutClub.Teams", "PeanutClub.Teams\PeanutClub.Teams.csproj", "{73AF887E-ADD9-4B53-86D0-133D73BBC708}"
EndProject
Project("{FAE04EC0-301F-11D3-BF4B-00C04F79EFBC}") = "PeanutClub.Loadouts", "PeanutClub.Loadouts\PeanutClub.Loadouts.csproj", "{6AD16783-C4F4-4861-BFDA-706D8F9B36CB}"
EndProject
Project("{FAE04EC0-301F-11D3-BF4B-00C04F79EFBC}") = "PeanutClub.Utilities", "PeanutClub.Utilities\PeanutClub.Utilities.csproj", "{FB39A836-CFAB-45F0-8D1D-1479070C374C}"
EndProject
Project("{FAE04EC0-301F-11D3-BF4B-00C04F79EFBC}") = "PeanutClub.Overlays", "PeanutClub.Overlays\PeanutClub.Overlays.csproj", "{839FF478-2479-4147-BD5B-47F6FC552C60}"
EndProject
Project("{FAE04EC0-301F-11D3-BF4B-00C04F79EFBC}") = "PeanutClub.Items", "PeanutClub.Items\PeanutClub.Items.csproj", "{96DAE50E-51EC-4AA8-92B4-5FD1921CF1E3}"
EndProject
Project("{FAE04EC0-301F-11D3-BF4B-00C04F79EFBC}") = "PeanutClub.Roles", "PeanutClub.Roles\PeanutClub.Roles.csproj", "{ACEDA069-5C77-43DE-BA41-C3E2EA3979AA}"
EndProject
Project("{FAE04EC0-301F-11D3-BF4B-00C04F79EFBC}") = "PeanutClub.Dealer", "PeanutClub.Dealer\PeanutClub.Dealer.csproj", "{B02A0DCA-D41C-4834-97FE-2CD091AA797F}"
EndProject
Project("{FAE04EC0-301F-11D3-BF4B-00C04F79EFBC}") = "PeanutClub.RandomPickup", "PeanutClub.RandomPickup\PeanutClub.RandomPickup.csproj", "{C3D1891B-00A5-45E1-A303-88B0788AC7DC}"
EndProject
Global
	GlobalSection(SolutionConfigurationPlatforms) = preSolution
		Debug|Any CPU = Debug|Any CPU
		Release|Any CPU = Release|Any CPU
	EndGlobalSection
	GlobalSection(ProjectConfigurationPlatforms) = postSolution
		{73AF887E-ADD9-4B53-86D0-133D73BBC708}.Debug|Any CPU.ActiveCfg = Debug|Any CPU
		{73AF887E-ADD9-4B53-86D0-133D73BBC708}.Debug|Any CPU.Build.0 = Debug|Any CPU
		{73AF887E-ADD9-4B53-86D0-133D73BBC708}.Release|Any CPU.ActiveCfg = Release|Any CPU
		{73AF887E-ADD9-4B53-86D0-133D73BBC708}.Release|Any CPU.Build.0 = Release|Any CPU
		{6AD16783-C4F4-4861-BFDA-706D8F9B36CB}.Debug|Any CPU.ActiveCfg = Debug|Any CPU
		{6AD16783-C4F4-4861-BFDA-706D8F9B36CB}.Debug|Any CPU.Build.0 = Debug|Any CPU
		{6AD16783-C4F4-4861-BFDA-706D8F9B36CB}.Release|Any CPU.ActiveCfg = Release|Any CPU
		{6AD16783-C4F4-4861-BFDA-706D8F9B36CB}.Release|Any CPU.Build.0 = Release|Any CPU
		{FB39A836-CFAB-45F0-8D1D-1479070C374C}.Debug|Any CPU.ActiveCfg = Debug|Any CPU
		{FB39A836-CFAB-45F0-8D1D-1479070C374C}.Debug|Any CPU.Build.0 = Debug|Any CPU
		{FB39A836-CFAB-45F0-8D1D-1479070C374C}.Release|Any CPU.ActiveCfg = Release|Any CPU
		{FB39A836-CFAB-45F0-8D1D-1479070C374C}.Release|Any CPU.Build.0 = Release|Any CPU
		{839FF478-2479-4147-BD5B-47F6FC552C60}.Debug|Any CPU.ActiveCfg = Debug|Any CPU
		{839FF478-2479-4147-BD5B-47F6FC552C60}.Debug|Any CPU.Build.0 = Debug|Any CPU
		{839FF478-2479-4147-BD5B-47F6FC552C60}.Release|Any CPU.ActiveCfg = Release|Any CPU
		{839FF478-2479-4147-BD5B-47F6FC552C60}.Release|Any CPU.Build.0 = Release|Any CPU
		{96DAE50E-51EC-4AA8-92B4-5FD1921CF1E3}.Debug|Any CPU.ActiveCfg = Debug|Any CPU
		{96DAE50E-51EC-4AA8-92B4-5FD1921CF1E3}.Debug|Any CPU.Build.0 = Debug|Any CPU
		{96DAE50E-51EC-4AA8-92B4-5FD1921CF1E3}.Release|Any CPU.ActiveCfg = Release|Any CPU
		{96DAE50E-51EC-4AA8-92B4-5FD1921CF1E3}.Release|Any CPU.Build.0 = Release|Any CPU
		{ACEDA069-5C77-43DE-BA41-C3E2EA3979AA}.Debug|Any CPU.ActiveCfg = Debug|Any CPU
		{ACEDA069-5C77-43DE-BA41-C3E2EA3979AA}.Debug|Any CPU.Build.0 = Debug|Any CPU
		{ACEDA069-5C77-43DE-BA41-C3E2EA3979AA}.Release|Any CPU.ActiveCfg = Release|Any CPU
		{ACEDA069-5C77-43DE-BA41-C3E2EA3979AA}.Release|Any CPU.Build.0 = Release|Any CPU
		{B02A0DCA-D41C-4834-97FE-2CD091AA797F}.Debug|Any CPU.ActiveCfg = Debug|Any CPU
		{B02A0DCA-D41C-4834-97FE-2CD091AA797F}.Debug|Any CPU.Build.0 = Debug|Any CPU
		{B02A0DCA-D41C-4834-97FE-2CD091AA797F}.Release|Any CPU.ActiveCfg = Release|Any CPU
		{B02A0DCA-D41C-4834-97FE-2CD091AA797F}.Release|Any CPU.Build.0 = Release|Any CPU
		{C3D1891B-00A5-45E1-A303-88B0788AC7DC}.Debug|Any CPU.ActiveCfg = Debug|Any CPU
		{C3D1891B-00A5-45E1-A303-88B0788AC7DC}.Debug|Any CPU.Build.0 = Debug|Any CPU
		{C3D1891B-00A5-45E1-A303-88B0788AC7DC}.Release|Any CPU.ActiveCfg = Release|Any CPU
		{C3D1891B-00A5-45E1-A303-88B0788AC7DC}.Release|Any CPU.Build.0 = Release|Any CPU
	EndGlobalSection
	GlobalSection(SolutionProperties) = preSolution
		HideSolutionNode = FALSE
	EndGlobalSection
	GlobalSection(ExtensibilityGlobals) = postSolution
		SolutionGuid = {9A36479D-8C4C-4F5E-B8B4-920869DB8471}
	EndGlobalSection
EndGlobal
